{
  "name": "spellcaster-playground",
  "lockfileVersion": 3,
  "requires": true,
  "packages": {
    "": {
      "dependencies": {
        "spellcaster": "^2.0.0"
      }
    },
    "node_modules/spellcaster": {
      "version": "2.0.0",
      "resolved": "https://registry.npmjs.org/spellcaster/-/spellcaster-2.0.0.tgz",
      "integrity": "sha512-2A1C0jcCTl/p7FgeRxj1nH+KrIFYZVFqLhQ2lEFWGkKhFEmdjM/uDI4od1gjzrvqgA0cFussie9C7bO9ev23Wg=="
    }
  }
}
